
Microsoft Visual Studio Solution File, Format Version 12.00
# Visual Studio Version 17
VisualStudioVersion = 17.13.35919.96 d17.13
MinimumVisualStudioVersion = 10.0.40219.1
Project("{FAE04EC0-301F-11D3-BF4B-00C04F79EFBC}") = "Platforma pentru tranzactii auto", "Platforma pentru tranzactii auto\Platforma pentru tranzactii auto.csproj", "{21F69368-4B35-41E6-B9B2-FDE5835488CB}"
EndProject
Global
	GlobalSection(SolutionConfigurationPlatforms) = preSolution
		Debug|Any CPU = Debug|Any CPU
		Release|Any CPU = Release|Any CPU
	EndGlobalSection
	GlobalSection(ProjectConfigurationPlatforms) = postSolution
		{21F69368-4B35-41E6-B9B2-FDE5835488CB}.Debug|Any CPU.ActiveCfg = Debug|Any CPU
		{21F69368-4B35-41E6-B9B2-FDE5835488CB}.Debug|Any CPU.Build.0 = Debug|Any CPU
		{21F69368-4B35-41E6-B9B2-FDE5835488CB}.Release|Any CPU.ActiveCfg = Release|Any CPU
		{21F69368-4B35-41E6-B9B2-FDE5835488CB}.Release|Any CPU.Build.0 = Release|Any CPU
	EndGlobalSection
	GlobalSection(SolutionProperties) = preSolution
		HideSolutionNode = FALSE
	EndGlobalSection
	GlobalSection(ExtensibilityGlobals) = postSolution
		SolutionGuid = {BE2B269A-ADE6-409F-A0BC-C74B2C8F52D1}
	EndGlobalSection
EndGlobal
